
Microsoft Visual Studio Solution File, Format Version 12.00
# Visual Studio Version 16
VisualStudioVersion = 16.0.31911.196
MinimumVisualStudioVersion = 10.0.40219.1
Project("{9A19103F-16F7-4668-BE54-9A1E7A4F7556}") = "UserPermissionLicensesTask", "UserPermissionLicensesTask\UserPermissionLicensesTask.csproj", "{FC7D022D-E281-4417-82BB-5A0AF0932856}"
EndProject
Global
	GlobalSection(SolutionConfigurationPlatforms) = preSolution
		Debug|Any CPU = Debug|Any CPU
		Release|Any CPU = Release|Any CPU
	EndGlobalSection
	GlobalSection(ProjectConfigurationPlatforms) = postSolution
		{FC7D022D-E281-4417-82BB-5A0AF0932856}.Debug|Any CPU.ActiveCfg = Debug|Any CPU
		{FC7D022D-E281-4417-82BB-5A0AF0932856}.Debug|Any CPU.Build.0 = Debug|Any CPU
		{FC7D022D-E281-4417-82BB-5A0AF0932856}.Release|Any CPU.ActiveCfg = Release|Any CPU
		{FC7D022D-E281-4417-82BB-5A0AF0932856}.Release|Any CPU.Build.0 = Release|Any CPU
	EndGlobalSection
	GlobalSection(SolutionProperties) = preSolution
		HideSolutionNode = FALSE
	EndGlobalSection
	GlobalSection(ExtensibilityGlobals) = postSolution
		SolutionGuid = {3C8EA6B0-3BFB-4489-AB8B-C969C38E0D3A}
	EndGlobalSection
EndGlobal
